// !$*UTF8*$!
{
	archiveVersion = 1;
	classes = {
	};
	objectVersion = 56;
	objects = {

/* Begin PBXBuildFile section */
		843722F8291992EA00846D02 /* TableViewController.swift in Sources */ = {isa = PBXBuildFile; fileRef = 843722F7291992EA00846D02 /* TableViewController.swift */; };
		843722FA2919944900846D02 /* CustomTableViewCell.swift in Sources */ = {isa = PBXBuildFile; fileRef = 843722F92919944900846D02 /* CustomTableViewCell.swift */; };
		849B9F322913F9330082D524 /* GalleryViewController.swift in Sources */ = {isa = PBXBuildFile; fileRef = 849B9F302913F9330082D524 /* GalleryViewController.swift */; };
		849B9F332913F9330082D524 /* GalleryViewController.xib in Resources */ = {isa = PBXBuildFile; fileRef = 849B9F312913F9330082D524 /* GalleryViewController.xib */; };
		84B947052912E6FD001A8727 /* AppDelegate.swift in Sources */ = {isa = PBXBuildFile; fileRef = 84B947042912E6FD001A8727 /* AppDelegate.swift */; };
		84B947072912E6FD001A8727 /* SceneDelegate.swift in Sources */ = {isa = PBXBuildFile; fileRef = 84B947062912E6FD001A8727 /* SceneDelegate.swift */; };
		84B947092912E6FD001A8727 /* PinViewController.swift in Sources */ = {isa = PBXBuildFile; fileRef = 84B947082912E6FD001A8727 /* PinViewController.swift */; };
		84B9470C2912E6FD001A8727 /* Main.storyboard in Resources */ = {isa = PBXBuildFile; fileRef = 84B9470A2912E6FD001A8727 /* Main.storyboard */; };
		84B9470E2912E6FE001A8727 /* Assets.xcassets in Resources */ = {isa = PBXBuildFile; fileRef = 84B9470D2912E6FE001A8727 /* Assets.xcassets */; };
		84B947112912E6FE001A8727 /* LaunchScreen.storyboard in Resources */ = {isa = PBXBuildFile; fileRef = 84B9470F2912E6FE001A8727 /* LaunchScreen.storyboard */; };
		84B9471B2912E898001A8727 /* StorageService.swift in Sources */ = {isa = PBXBuildFile; fileRef = 84B9471A2912E898001A8727 /* StorageService.swift */; };
		84B9471E2912E923001A8727 /* UserDefaultsConstants.swift in Sources */ = {isa = PBXBuildFile; fileRef = 84B9471D2912E923001A8727 /* UserDefaultsConstants.swift */; };
/* End PBXBuildFile section */

/* Begin PBXFileReference section */
		843722F7291992EA00846D02 /* TableViewController.swift */ = {isa = PBXFileReference; lastKnownFileType = sourcecode.swift; path = TableViewController.swift; sourceTree = "<group>"; };
		843722F92919944900846D02 /* CustomTableViewCell.swift */ = {isa = PBXFileReference; lastKnownFileType = sourcecode.swift; name = CustomTableViewCell.swift; path = ../Resources/CustomTableViewCell.swift; sourceTree = "<group>"; };
		849B9F302913F9330082D524 /* GalleryViewController.swift */ = {isa = PBXFileReference; lastKnownFileType = sourcecode.swift; path = GalleryViewController.swift; sourceTree = "<group>"; };
		849B9F312913F9330082D524 /* GalleryViewController.xib */ = {isa = PBXFileReference; lastKnownFileType = file.xib; name = GalleryViewController.xib; path = ../Controllers/GalleryViewController.xib; sourceTree = "<group>"; };
		84B947012912E6FD001A8727 /* Gallery.app */ = {isa = PBXFileReference; explicitFileType = wrapper.application; includeInIndex = 0; path = Gallery.app; sourceTree = BUILT_PRODUCTS_DIR; };
		84B947042912E6FD001A8727 /* AppDelegate.swift */ = {isa = PBXFileReference; lastKnownFileType = sourcecode.swift; path = AppDelegate.swift; sourceTree = "<group>"; };
		84B947062912E6FD001A8727 /* SceneDelegate.swift */ = {isa = PBXFileReference; lastKnownFileType = sourcecode.swift; path = SceneDelegate.swift; sourceTree = "<group>"; };
		84B947082912E6FD001A8727 /* PinViewController.swift */ = {isa = PBXFileReference; lastKnownFileType = sourcecode.swift; path = PinViewController.swift; sourceTree = "<group>"; };
		84B9470B2912E6FD001A8727 /* Base */ = {isa = PBXFileReference; lastKnownFileType = file.storyboard; name = Base; path = Base.lproj/Main.storyboard; sourceTree = "<group>"; };
		84B9470D2912E6FE001A8727 /* Assets.xcassets */ = {isa = PBXFileReference; lastKnownFileType = folder.assetcatalog; path = Assets.xcassets; sourceTree = "<group>"; };
		84B947102912E6FE001A8727 /* Base */ = {isa = PBXFileReference; lastKnownFileType = file.storyboard; name = Base; path = Base.lproj/LaunchScreen.storyboard; sourceTree = "<group>"; };
		84B947122912E6FE001A8727 /* Info.plist */ = {isa = PBXFileReference; lastKnownFileType = text.plist.xml; path = Info.plist; sourceTree = "<group>"; };
		84B9471A2912E898001A8727 /* StorageService.swift */ = {isa = PBXFileReference; lastKnownFileType = sourcecode.swift; path = StorageService.swift; sourceTree = "<group>"; };
		84B9471D2912E923001A8727 /* UserDefaultsConstants.swift */ = {isa = PBXFileReference; lastKnownFileType = sourcecode.swift; path = UserDefaultsConstants.swift; sourceTree = "<group>"; };
/* End PBXFileReference section */

/* Begin PBXFrameworksBuildPhase section */
		84B946FE2912E6FD001A8727 /* Frameworks */ = {
			isa = PBXFrameworksBuildPhase;
			buildActionMask = 2147483647;
			files = (
			);
			runOnlyForDeploymentPostprocessing = 0;
		};
/* End PBXFrameworksBuildPhase section */

/* Begin PBXGroup section */
		84B946F82912E6FD001A8727 = {
			isa = PBXGroup;
			children = (
				84B947032912E6FD001A8727 /* Gallery */,
				84B947022912E6FD001A8727 /* Products */,
			);
			sourceTree = "<group>";
		};
		84B947022912E6FD001A8727 /* Products */ = {
			isa = PBXGroup;
			children = (
				84B947012912E6FD001A8727 /* Gallery.app */,
			);
			name = Products;
			sourceTree = "<group>";
		};
		84B947032912E6FD001A8727 /* Gallery */ = {
			isa = PBXGroup;
			children = (
				84B947202912EAF0001A8727 /* View */,
				84B9471F2912EA21001A8727 /* Controllers */,
				84B9471C2912E8F3001A8727 /* Resources */,
				84B947192912E886001A8727 /* Service */,
				84B947182912E847001A8727 /* App */,
			);
			path = Gallery;
			sourceTree = "<group>";
		};
		84B947182912E847001A8727 /* App */ = {
			isa = PBXGroup;
			children = (
				84B947122912E6FE001A8727 /* Info.plist */,
				84B947042912E6FD001A8727 /* AppDelegate.swift */,
				84B947062912E6FD001A8727 /* SceneDelegate.swift */,
			);
			path = App;
			sourceTree = "<group>";
		};
		84B947192912E886001A8727 /* Service */ = {
			isa = PBXGroup;
			children = (
				84B9471A2912E898001A8727 /* StorageService.swift */,
			);
			path = Service;
			sourceTree = "<group>";
		};
		84B9471C2912E8F3001A8727 /* Resources */ = {
			isa = PBXGroup;
			children = (
				84B9470D2912E6FE001A8727 /* Assets.xcassets */,
				84B9470F2912E6FE001A8727 /* LaunchScreen.storyboard */,
				84B9471D2912E923001A8727 /* UserDefaultsConstants.swift */,
			);
			path = Resources;
			sourceTree = "<group>";
		};
		84B9471F2912EA21001A8727 /* Controllers */ = {
			isa = PBXGroup;
			children = (
				84B947082912E6FD001A8727 /* PinViewController.swift */,
				849B9F302913F9330082D524 /* GalleryViewController.swift */,
				843722F7291992EA00846D02 /* TableViewController.swift */,
			);
			path = Controllers;
			sourceTree = "<group>";
		};
		84B947202912EAF0001A8727 /* View */ = {
			isa = PBXGroup;
			children = (
				84B9470A2912E6FD001A8727 /* Main.storyboard */,
				849B9F312913F9330082D524 /* GalleryViewController.xib */,
				843722F92919944900846D02 /* CustomTableViewCell.swift */,
			);
			path = View;
			sourceTree = "<group>";
		};
/* End PBXGroup section */

/* Begin PBXNativeTarget section */
		84B947002912E6FD001A8727 /* Gallery */ = {
			isa = PBXNativeTarget;
			buildConfigurationList = 84B947152912E6FE001A8727 /* Build configuration list for PBXNativeTarget "Gallery" */;
			buildPhases = (
				84B946FD2912E6FD001A8727 /* Sources */,
				84B946FE2912E6FD001A8727 /* Frameworks */,
				84B946FF2912E6FD001A8727 /* Resources */,
			);
			buildRules = (
			);
			dependencies = (
			);
			name = Gallery;
			productName = Gallery;
			productReference = 84B947012912E6FD001A8727 /* Gallery.app */;
			productType = "com.apple.product-type.application";
		};
/* End PBXNativeTarget section */

/* Begin PBXProject section */
		84B946F92912E6FD001A8727 /* Project object */ = {
			isa = PBXProject;
			attributes = {
				BuildIndependentTargetsInParallel = 1;
				LastSwiftUpdateCheck = 1400;
				LastUpgradeCheck = 1400;
				TargetAttributes = {
					84B947002912E6FD001A8727 = {
						CreatedOnToolsVersion = 14.0.1;
					};
				};
			};
			buildConfigurationList = 84B946FC2912E6FD001A8727 /* Build configuration list for PBXProject "Gallery" */;
			compatibilityVersion = "Xcode 14.0";
			developmentRegion = en;
			hasScannedForEncodings = 0;
			knownRegions = (
				en,
				Base,
			);
			mainGroup = 84B946F82912E6FD001A8727;
			productRefGroup = 84B947022912E6FD001A8727 /* Products */;
			projectDirPath = "";
			projectRoot = "";
			targets = (
				84B947002912E6FD001A8727 /* Gallery */,
			);
		};
/* End PBXProject section */

/* Begin PBXResourcesBuildPhase section */
		84B946FF2912E6FD001A8727 /* Resources */ = {
			isa = PBXResourcesBuildPhase;
			buildActionMask = 2147483647;
			files = (
				84B947112912E6FE001A8727 /* LaunchScreen.storyboard in Resources */,
				849B9F332913F9330082D524 /* GalleryViewController.xib in Resources */,
				84B9470E2912E6FE001A8727 /* Assets.xcassets in Resources */,
				84B9470C2912E6FD001A8727 /* Main.storyboard in Resources */,
			);
			runOnlyForDeploymentPostprocessing = 0;
		};
/* End PBXResourcesBuildPhase section */

/* Begin PBXSourcesBuildPhase section */
		84B946FD2912E6FD001A8727 /* Sources */ = {
			isa = PBXSourcesBuildPhase;
			buildActionMask = 2147483647;
			files = (
				84B947092912E6FD001A8727 /* PinViewController.swift in Sources */,
				843722F8291992EA00846D02 /* TableViewController.swift in Sources */,
				843722FA2919944900846D02 /* CustomTableViewCell.swift in Sources */,
				84B9471B2912E898001A8727 /* StorageService.swift in Sources */,
				84B9471E2912E923001A8727 /* UserDefaultsConstants.swift in Sources */,
				849B9F322913F9330082D524 /* GalleryViewController.swift in Sources */,
				84B947052912E6FD001A8727 /* AppDelegate.swift in Sources */,
				84B947072912E6FD001A8727 /* SceneDelegate.swift in Sources */,
			);
			runOnlyForDeploymentPostprocessing = 0;
		};
/* End PBXSourcesBuildPhase section */

/* Begin PBXVariantGroup section */
		84B9470A2912E6FD001A8727 /* Main.storyboard */ = {
			isa = PBXVariantGroup;
			children = (
				84B9470B2912E6FD001A8727 /* Base */,
			);
			name = Main.storyboard;
			sourceTree = "<group>";
		};
		84B9470F2912E6FE001A8727 /* LaunchScreen.storyboard */ = {
			isa = PBXVariantGroup;
			children = (
				84B947102912E6FE001A8727 /* Base */,
			);
			name = LaunchScreen.storyboard;
			sourceTree = "<group>";
		};
/* End PBXVariantGroup section */

/* Begin XCBuildConfiguration section */
		84B947132912E6FE001A8727 /* Debug */ = {
			isa = XCBuildConfiguration;
			buildSettings = {
				ALWAYS_SEARCH_USER_PATHS = NO;
				CLANG_ANALYZER_NONNULL = YES;
				CLANG_ANALYZER_NUMBER_OBJECT_CONVERSION = YES_AGGRESSIVE;
				CLANG_CXX_LANGUAGE_STANDARD = "gnu++20";
				CLANG_ENABLE_MODULES = YES;
				CLANG_ENABLE_OBJC_ARC = YES;
				CLANG_ENABLE_OBJC_WEAK = YES;
				CLANG_WARN_BLOCK_CAPTURE_AUTORELEASING = YES;
				CLANG_WARN_BOOL_CONVERSION = YES;
				CLANG_WARN_COMMA = YES;
				CLANG_WARN_CONSTANT_CONVERSION = YES;
				CLANG_WARN_DEPRECATED_OBJC_IMPLEMENTATIONS = YES;
				CLANG_WARN_DIRECT_OBJC_ISA_USAGE = YES_ERROR;
				CLANG_WARN_DOCUMENTATION_COMMENTS = YES;
				CLANG_WARN_EMPTY_BODY = YES;
				CLANG_WARN_ENUM_CONVERSION = YES;
				CLANG_WARN_INFINITE_RECURSION = YES;
				CLANG_WARN_INT_CONVERSION = YES;
				CLANG_WARN_NON_LITERAL_NULL_CONVERSION = YES;
				CLANG_WARN_OBJC_IMPLICIT_RETAIN_SELF = YES;
				CLANG_WARN_OBJC_LITERAL_CONVERSION = YES;
				CLANG_WARN_OBJC_ROOT_CLASS = YES_ERROR;
				CLANG_WARN_QUOTED_INCLUDE_IN_FRAMEWORK_HEADER = YES;
				CLANG_WARN_RANGE_LOOP_ANALYSIS = YES;
				CLANG_WARN_STRICT_PROTOTYPES = YES;
				CLANG_WARN_SUSPICIOUS_MOVE = YES;
				CLANG_WARN_UNGUARDED_AVAILABILITY = YES_AGGRESSIVE;
				CLANG_WARN_UNREACHABLE_CODE = YES;
				CLANG_WARN__DUPLICATE_METHOD_MATCH = YES;
				COPY_PHASE_STRIP = NO;
				DEBUG_INFORMATION_FORMAT = dwarf;
				ENABLE_STRICT_OBJC_MSGSEND = YES;
				ENABLE_TESTABILITY = YES;
				GCC_C_LANGUAGE_STANDARD = gnu11;
				GCC_DYNAMIC_NO_PIC = NO;
				GCC_NO_COMMON_BLOCKS = YES;
				GCC_OPTIMIZATION_LEVEL = 0;
				GCC_PREPROCESSOR_DEFINITIONS = (
					"DEBUG=1",
					"$(inherited)",
				);
				GCC_WARN_64_TO_32_BIT_CONVERSION = YES;
				GCC_WARN_ABOUT_RETURN_TYPE = YES_ERROR;
				GCC_WARN_UNDECLARED_SELECTOR = YES;
				GCC_WARN_UNINITIALIZED_AUTOS = YES_AGGRESSIVE;
				GCC_WARN_UNUSED_FUNCTION = YES;
				GCC_WARN_UNUSED_VARIABLE = YES;
				IPHONEOS_DEPLOYMENT_TARGET = 16.0;
				MTL_ENABLE_DEBUG_INFO = INCLUDE_SOURCE;
				MTL_FAST_MATH = YES;
				ONLY_ACTIVE_ARCH = YES;
				SDKROOT = iphoneos;
				SWIFT_ACTIVE_COMPILATION_CONDITIONS = DEBUG;
				SWIFT_OPTIMIZATION_LEVEL = "-Onone";
			};
			name = Debug;
		};
		84B947142912E6FE001A8727 /* Release */ = {
			isa = XCBuildConfiguration;
			buildSettings = {
				ALWAYS_SEARCH_USER_PATHS = NO;
				CLANG_ANALYZER_NONNULL = YES;
				CLANG_ANALYZER_NUMBER_OBJECT_CONVERSION = YES_AGGRESSIVE;
				CLANG_CXX_LANGUAGE_STANDARD = "gnu++20";
				CLANG_ENABLE_MODULES = YES;
				CLANG_ENABLE_OBJC_ARC = YES;
				CLANG_ENABLE_OBJC_WEAK = YES;
				CLANG_WARN_BLOCK_CAPTURE_AUTORELEASING = YES;
				CLANG_WARN_BOOL_CONVERSION = YES;
				CLANG_WARN_COMMA = YES;
				CLANG_WARN_CONSTANT_CONVERSION = YES;
				CLANG_WARN_DEPRECATED_OBJC_IMPLEMENTATIONS = YES;
				CLANG_WARN_DIRECT_OBJC_ISA_USAGE = YES_ERROR;
				CLANG_WARN_DOCUMENTATION_COMMENTS = YES;
				CLANG_WARN_EMPTY_BODY = YES;
				CLANG_WARN_ENUM_CONVERSION = YES;
				CLANG_WARN_INFINITE_RECURSION = YES;
				CLANG_WARN_INT_CONVERSION = YES;
				CLANG_WARN_NON_LITERAL_NULL_CONVERSION = YES;
				CLANG_WARN_OBJC_IMPLICIT_RETAIN_SELF = YES;
				CLANG_WARN_OBJC_LITERAL_CONVERSION = YES;
				CLANG_WARN_OBJC_ROOT_CLASS = YES_ERROR;
				CLANG_WARN_QUOTED_INCLUDE_IN_FRAMEWORK_HEADER = YES;
				CLANG_WARN_RANGE_LOOP_ANALYSIS = YES;
				CLANG_WARN_STRICT_PROTOTYPES = YES;
				CLANG_WARN_SUSPICIOUS_MOVE = YES;
				CLANG_WARN_UNGUARDED_AVAILABILITY = YES_AGGRESSIVE;
				CLANG_WARN_UNREACHABLE_CODE = YES;
				CLANG_WARN__DUPLICATE_METHOD_MATCH = YES;
				COPY_PHASE_STRIP = NO;
				DEBUG_INFORMATION_FORMAT = "dwarf-with-dsym";
				ENABLE_NS_ASSERTIONS = NO;
				ENABLE_STRICT_OBJC_MSGSEND = YES;
				GCC_C_LANGUAGE_STANDARD = gnu11;
				GCC_NO_COMMON_BLOCKS = YES;
				GCC_WARN_64_TO_32_BIT_CONVERSION = YES;
				GCC_WARN_ABOUT_RETURN_TYPE = YES_ERROR;
				GCC_WARN_UNDECLARED_SELECTOR = YES;
				GCC_WARN_UNINITIALIZED_AUTOS = YES_AGGRESSIVE;
				GCC_WARN_UNUSED_FUNCTION = YES;
				GCC_WARN_UNUSED_VARIABLE = YES;
				IPHONEOS_DEPLOYMENT_TARGET = 16.0;
				MTL_ENABLE_DEBUG_INFO = NO;
				MTL_FAST_MATH = YES;
				SDKROOT = iphoneos;
				SWIFT_COMPILATION_MODE = wholemodule;
				SWIFT_OPTIMIZATION_LEVEL = "-O";
				VALIDATE_PRODUCT = YES;
			};
			name = Release;
		};
		84B947162912E6FE001A8727 /* Debug */ = {
			isa = XCBuildConfiguration;
			buildSettings = {
				ASSETCATALOG_COMPILER_APPICON_NAME = AppIcon;
				ASSETCATALOG_COMPILER_GLOBAL_ACCENT_COLOR_NAME = AccentColor;
				CODE_SIGN_STYLE = Automatic;
				CURRENT_PROJECT_VERSION = 1;
				DEVELOPMENT_TEAM = N9D7BC833T;
				GENERATE_INFOPLIST_FILE = YES;
				INFOPLIST_FILE = Gallery/App/Info.plist;
				INFOPLIST_KEY_UIApplicationSupportsIndirectInputEvents = YES;
				INFOPLIST_KEY_UILaunchStoryboardName = LaunchScreen;
				INFOPLIST_KEY_UIMainStoryboardFile = Main;
				INFOPLIST_KEY_UISupportedInterfaceOrientations_iPad = "UIInterfaceOrientationPortrait UIInterfaceOrientationPortraitUpsideDown UIInterfaceOrientationLandscapeLeft UIInterfaceOrientationLandscapeRight";
				INFOPLIST_KEY_UISupportedInterfaceOrientations_iPhone = "UIInterfaceOrientationPortrait UIInterfaceOrientationLandscapeLeft UIInterfaceOrientationLandscapeRight";
				LD_RUNPATH_SEARCH_PATHS = (
					"$(inherited)",
					"@executable_path/Frameworks",
				);
				MARKETING_VERSION = 1.0;
				PRODUCT_BUNDLE_IDENTIFIER = com.krasnovskaya.Gallery;
				PRODUCT_NAME = "$(TARGET_NAME)";
				SWIFT_EMIT_LOC_STRINGS = YES;
				SWIFT_VERSION = 5.0;
				TARGETED_DEVICE_FAMILY = "1,2";
			};
			name = Debug;
		};
		84B947172912E6FE001A8727 /* Release */ = {
			isa = XCBuildConfiguration;
			buildSettings = {
				ASSETCATALOG_COMPILER_APPICON_NAME = AppIcon;
				ASSETCATALOG_COMPILER_GLOBAL_ACCENT_COLOR_NAME = AccentColor;
				CODE_SIGN_STYLE = Automatic;
				CURRENT_PROJECT_VERSION = 1;
				DEVELOPMENT_TEAM = N9D7BC833T;
				GENERATE_INFOPLIST_FILE = YES;
				INFOPLIST_FILE = Gallery/App/Info.plist;
				INFOPLIST_KEY_UIApplicationSupportsIndirectInputEvents = YES;
				INFOPLIST_KEY_UILaunchStoryboardName = LaunchScreen;
				INFOPLIST_KEY_UIMainStoryboardFile = Main;
				INFOPLIST_KEY_UISupportedInterfaceOrientations_iPad = "UIInterfaceOrientationPortrait UIInterfaceOrientationPortraitUpsideDown UIInterfaceOrientationLandscapeLeft UIInterfaceOrientationLandscapeRight";
				INFOPLIST_KEY_UISupportedInterfaceOrientations_iPhone = "UIInterfaceOrientationPortrait UIInterfaceOrientationLandscapeLeft UIInterfaceOrientationLandscapeRight";
				LD_RUNPATH_SEARCH_PATHS = (
					"$(inherited)",
					"@executable_path/Frameworks",
				);
				MARKETING_VERSION = 1.0;
				PRODUCT_BUNDLE_IDENTIFIER = com.krasnovskaya.Gallery;
				PRODUCT_NAME = "$(TARGET_NAME)";
				SWIFT_EMIT_LOC_STRINGS = YES;
				SWIFT_VERSION = 5.0;
				TARGETED_DEVICE_FAMILY = "1,2";
			};
			name = Release;
		};
/* End XCBuildConfiguration section */

/* Begin XCConfigurationList section */
		84B946FC2912E6FD001A8727 /* Build configuration list for PBXProject "Gallery" */ = {
			isa = XCConfigurationList;
			buildConfigurations = (
				84B947132912E6FE001A8727 /* Debug */,
				84B947142912E6FE001A8727 /* Release */,
			);
			defaultConfigurationIsVisible = 0;
			defaultConfigurationName = Release;
		};
		84B947152912E6FE001A8727 /* Build configuration list for PBXNativeTarget "Gallery" */ = {
			isa = XCConfigurationList;
			buildConfigurations = (
				84B947162912E6FE001A8727 /* Debug */,
				84B947172912E6FE001A8727 /* Release */,
			);
			defaultConfigurationIsVisible = 0;
			defaultConfigurationName = Release;
		};
/* End XCConfigurationList section */
	};
	rootObject = 84B946F92912E6FD001A8727 /* Project object */;
}
